
Microsoft Visual Studio Solution File, Format Version 12.00
# Visual Studio Version 16
VisualStudioVersion = 16.0.30406.217
MinimumVisualStudioVersion = 10.0.40219.1
Project("{FAE04EC0-301F-11D3-BF4B-00C04F79EFBC}") = "QuotesApi", "QuotesApi\QuotesApi.csproj", "{DB68E657-4214-4448-94A0-0D7AFBF8A88D}"
EndProject
Global
	GlobalSection(SolutionConfigurationPlatforms) = preSolution
		Debug|Any CPU = Debug|Any CPU
		Release|Any CPU = Release|Any CPU
	EndGlobalSection
	GlobalSection(ProjectConfigurationPlatforms) = postSolution
		{DB68E657-4214-4448-94A0-0D7AFBF8A88D}.Debug|Any CPU.ActiveCfg = Debug|Any CPU
		{DB68E657-4214-4448-94A0-0D7AFBF8A88D}.Debug|Any CPU.Build.0 = Debug|Any CPU
		{DB68E657-4214-4448-94A0-0D7AFBF8A88D}.Release|Any CPU.ActiveCfg = Release|Any CPU
		{DB68E657-4214-4448-94A0-0D7AFBF8A88D}.Release|Any CPU.Build.0 = Release|Any CPU
	EndGlobalSection
	GlobalSection(SolutionProperties) = preSolution
		HideSolutionNode = FALSE
	EndGlobalSection
	GlobalSection(ExtensibilityGlobals) = postSolution
		SolutionGuid = {AC8E612E-159A-4DED-AA00-9BB780B35A5D}
	EndGlobalSection
EndGlobal
